<?xml version="1.0" encoding="utf-8"?>
<Project ToolsVersion="4.0" xmlns="http://schemas.microsoft.com/developer/msbuild/2003">
  <ItemGroup>
    <Filter Include="Shared Memory Lib">
      <UniqueIdentifier>{3c885d88-c44b-4470-908f-e20750ac9b6f}</UniqueIdentifier>
    </Filter>
    <Filter Include="Common">
      <UniqueIdentifier>{d242c967-a2ba-49b7-b3d1-bd75e506d410}</UniqueIdentifier>
    </Filter>
  </ItemGroup>
  <ItemGroup>
    <ClCompile Include="EmulatorApplication.cpp" />
  </ItemGroup>
  <ItemGroup>
    <ClInclude Include="EmulatorApplication.h" />
    <ClInclude Include="IntMacException.h" />
    <ClInclude Include="..\libraries\SharedMemory\src\iSharedMemory.h">
      <Filter>Shared Memory Lib</Filter>
    </ClInclude>
    <ClInclude Include="..\libraries\SharedMemory\src\iSharedMemoryAdaptor.h">
      <Filter>Shared Memory Lib</Filter>
    </ClInclude>
    <ClInclude Include="..\libraries\SharedMemory\src\iSharedMemoryBlock.h">
      <Filter>Shared Memory Lib</Filter>
    </ClInclude>
    <ClInclude Include="..\libraries\SharedMemory\src\sharedMemoryFactory.h">
      <Filter>Shared Memory Lib</Filter>
    </ClInclude>
    <ClInclude Include="..\common\clientServerMessages_state.h" />
    <ClInclude Include="..\common\databaseTables.h">
      <Filter>Common</Filter>
    </ClInclude>
    <ClInclude Include="..\common\MessageIdentities.h">
      <Filter>Common</Filter>
    </ClInclude>
  </ItemGroup>
</Project>