<?xml version="1.0" encoding="utf-8"?>
<Project ToolsVersion="4.0" xmlns="http://schemas.microsoft.com/developer/msbuild/2003">
  <ItemGroup>
    <Filter Include="Tests">
      <UniqueIdentifier>{9c5fe4ad-629a-423f-a12d-8f3ca2e9429e}</UniqueIdentifier>
    </Filter>
    <Filter Include="Code Under Test">
      <UniqueIdentifier>{d1e6aba8-f357-4919-a307-e06570c10c73}</UniqueIdentifier>
    </Filter>
    <Filter Include="Mocks">
      <UniqueIdentifier>{3b8c5e96-e6a8-4242-8fcd-5d3aa3f7aa5e}</UniqueIdentifier>
    </Filter>
  </ItemGroup>
  <ItemGroup>
    <ClCompile Include="main.cpp" />
    <ClCompile Include="test_AssetData.cpp">
      <Filter>Tests</Filter>
    </ClCompile>
    <ClCompile Include="test_AssetDataTransaction.cpp">
      <Filter>Tests</Filter>
    </ClCompile>
    <ClCompile Include="test_ProjectModel.cpp">
      <Filter>Tests</Filter>
    </ClCompile>
    <ClCompile Include="test_StateModel.cpp">
      <Filter>Tests</Filter>
    </ClCompile>
    <ClCompile Include="..\dataModels\assetData.cpp">
      <Filter>Code Under Test</Filter>
    </ClCompile>
    <ClCompile Include="..\dataModels\assetDataTransaction.cpp">
      <Filter>Code Under Test</Filter>
    </ClCompile>
    <ClCompile Include="..\dataModels\projectModel.cpp">
      <Filter>Code Under Test</Filter>
    </ClCompile>
    <ClCompile Include="..\dataModels\stateModel.cpp">
      <Filter>Code Under Test</Filter>
    </ClCompile>
    <ClCompile Include="test_MessageTriggerManager.cpp">
      <Filter>Tests</Filter>
    </ClCompile>
    <ClCompile Include="..\..\..\common\MessageTriggerManager.cpp">
      <Filter>Code Under Test</Filter>
    </ClCompile>
    <ClCompile Include="..\dataModels\releaseData.cpp">
      <Filter>Code Under Test</Filter>
    </ClCompile>
    <ClCompile Include="..\dataModels\releaseTransaction.cpp">
      <Filter>Code Under Test</Filter>
    </ClCompile>
  </ItemGroup>
  <ItemGroup>
    <ClInclude Include="..\dataModels\assetData.h">
      <Filter>Code Under Test</Filter>
    </ClInclude>
    <ClInclude Include="..\dataModels\assetDataTransaction.h">
      <Filter>Code Under Test</Filter>
    </ClInclude>
    <ClInclude Include="..\dataModels\projectModel.h">
      <Filter>Code Under Test</Filter>
    </ClInclude>
    <ClInclude Include="..\dataModels\stateModel.h">
      <Filter>Code Under Test</Filter>
    </ClInclude>
    <ClInclude Include="mock_AssetData.h">
      <Filter>Mocks</Filter>
    </ClInclude>
    <ClInclude Include="..\..\..\common\MessageTriggerManager.h">
      <Filter>Code Under Test</Filter>
    </ClInclude>
    <ClInclude Include="..\dataModels\releaseData.h">
      <Filter>Code Under Test</Filter>
    </ClInclude>
    <ClInclude Include="..\dataModels\releaseTransaction.h">
      <Filter>Code Under Test</Filter>
    </ClInclude>
  </ItemGroup>
</Project>