
Microsoft Visual Studio Solution File, Format Version 12.00
# Visual Studio Version 17
VisualStudioVersion = 17.5.33530.505
MinimumVisualStudioVersion = 10.0.40219.1
Project("{8BC9CEB8-8B4A-11D0-8D11-00A0C91BC942}") = "serviceFramework", "serviceFramework\serviceFramework.vcxproj", "{234BD163-15D8-4F3F-B111-D95CB57FEF58}"
EndProject
Project("{8BC9CEB8-8B4A-11D0-8D11-00A0C91BC942}") = "itemsAccountsSvc", "itemsAccountsSvc\itemsAccountsSvc.vcxproj", "{27E691B8-BF10-485C-B283-9AFD584F245C}"
EndProject
Project("{8BC9CEB8-8B4A-11D0-8D11-00A0C91BC942}") = "itemsGatewaySvc", "itemsGatewaySvc\itemsGatewaySvc.vcxproj", "{B6F19664-4BE9-4D0F-943A-EAFC1C2553A9}"
	ProjectSection(ProjectDependencies) = postProject
		{234BD163-15D8-4F3F-B111-D95CB57FEF58} = {234BD163-15D8-4F3F-B111-D95CB57FEF58}
	EndProjectSection
EndProject
Global
	GlobalSection(SolutionConfigurationPlatforms) = preSolution
		Debug|x64 = Debug|x64
		Debug|x86 = Debug|x86
		Release|x64 = Release|x64
		Release|x86 = Release|x86
	EndGlobalSection
	GlobalSection(ProjectConfigurationPlatforms) = postSolution
		{234BD163-15D8-4F3F-B111-D95CB57FEF58}.Debug|x64.ActiveCfg = Debug|x64
		{234BD163-15D8-4F3F-B111-D95CB57FEF58}.Debug|x64.Build.0 = Debug|x64
		{234BD163-15D8-4F3F-B111-D95CB57FEF58}.Debug|x86.ActiveCfg = Debug|Win32
		{234BD163-15D8-4F3F-B111-D95CB57FEF58}.Debug|x86.Build.0 = Debug|Win32
		{234BD163-15D8-4F3F-B111-D95CB57FEF58}.Release|x64.ActiveCfg = Release|x64
		{234BD163-15D8-4F3F-B111-D95CB57FEF58}.Release|x64.Build.0 = Release|x64
		{234BD163-15D8-4F3F-B111-D95CB57FEF58}.Release|x86.ActiveCfg = Release|Win32
		{234BD163-15D8-4F3F-B111-D95CB57FEF58}.Release|x86.Build.0 = Release|Win32
		{27E691B8-BF10-485C-B283-9AFD584F245C}.Debug|x64.ActiveCfg = Debug|x64
		{27E691B8-BF10-485C-B283-9AFD584F245C}.Debug|x64.Build.0 = Debug|x64
		{27E691B8-BF10-485C-B283-9AFD584F245C}.Debug|x86.ActiveCfg = Debug|Win32
		{27E691B8-BF10-485C-B283-9AFD584F245C}.Debug|x86.Build.0 = Debug|Win32
		{27E691B8-BF10-485C-B283-9AFD584F245C}.Release|x64.ActiveCfg = Release|x64
		{27E691B8-BF10-485C-B283-9AFD584F245C}.Release|x64.Build.0 = Release|x64
		{27E691B8-BF10-485C-B283-9AFD584F245C}.Release|x86.ActiveCfg = Release|Win32
		{27E691B8-BF10-485C-B283-9AFD584F245C}.Release|x86.Build.0 = Release|Win32
		{B6F19664-4BE9-4D0F-943A-EAFC1C2553A9}.Debug|x64.ActiveCfg = Debug|x64
		{B6F19664-4BE9-4D0F-943A-EAFC1C2553A9}.Debug|x64.Build.0 = Debug|x64
		{B6F19664-4BE9-4D0F-943A-EAFC1C2553A9}.Debug|x86.ActiveCfg = Debug|Win32
		{B6F19664-4BE9-4D0F-943A-EAFC1C2553A9}.Debug|x86.Build.0 = Debug|Win32
		{B6F19664-4BE9-4D0F-943A-EAFC1C2553A9}.Release|x64.ActiveCfg = Release|x64
		{B6F19664-4BE9-4D0F-943A-EAFC1C2553A9}.Release|x64.Build.0 = Release|x64
		{B6F19664-4BE9-4D0F-943A-EAFC1C2553A9}.Release|x86.ActiveCfg = Release|Win32
		{B6F19664-4BE9-4D0F-943A-EAFC1C2553A9}.Release|x86.Build.0 = Release|Win32
	EndGlobalSection
	GlobalSection(SolutionProperties) = preSolution
		HideSolutionNode = FALSE
	EndGlobalSection
	GlobalSection(ExtensibilityGlobals) = postSolution
		SolutionGuid = {DB43A53C-7FE5-4CFF-96F7-70ABA74C1443}
	EndGlobalSection
EndGlobal
