<?xml version="1.0" encoding="utf-8"?>
<Project ToolsVersion="4.0" xmlns="http://schemas.microsoft.com/developer/msbuild/2003">
  <ItemGroup>
    <Filter Include="Shared Memory Lib">
      <UniqueIdentifier>{a1df4c1d-08b3-4177-b046-3f8cb955f36b}</UniqueIdentifier>
    </Filter>
    <Filter Include="Mocks">
      <UniqueIdentifier>{3c0f0b59-616b-42eb-9e36-8de475fde046}</UniqueIdentifier>
    </Filter>
    <Filter Include="Tests">
      <UniqueIdentifier>{076a490c-b58b-4775-9011-085a32887e36}</UniqueIdentifier>
    </Filter>
  </ItemGroup>
  <ItemGroup>
    <ClCompile Include="main.cpp" />
    <ClCompile Include="test_fact.cpp" />
    <ClCompile Include="test_SharedMemoryBlock.cpp">
      <Filter>Tests</Filter>
    </ClCompile>
    <ClCompile Include="test_SharedMemoryConnection.cpp">
      <Filter>Tests</Filter>
    </ClCompile>
    <ClCompile Include="test_SharedMemoryFactory.cpp">
      <Filter>Tests</Filter>
    </ClCompile>
    <ClCompile Include="test_SharedMemory.cpp">
      <Filter>Tests</Filter>
    </ClCompile>
  </ItemGroup>
  <ItemGroup>
    <ClInclude Include="..\src\iSharedMemory.h">
      <Filter>Shared Memory Lib</Filter>
    </ClInclude>
    <ClInclude Include="..\src\iSharedMemoryAdaptor.h">
      <Filter>Shared Memory Lib</Filter>
    </ClInclude>
    <ClInclude Include="..\src\iSharedMemoryBlock.h">
      <Filter>Shared Memory Lib</Filter>
    </ClInclude>
    <ClInclude Include="..\src\sharedMemoryAdaptor.h">
      <Filter>Shared Memory Lib</Filter>
    </ClInclude>
    <ClInclude Include="..\src\sharedMemoryFactory.h">
      <Filter>Shared Memory Lib</Filter>
    </ClInclude>
    <ClInclude Include="mock_SharedMemoryAdaptor.h">
      <Filter>Mocks</Filter>
    </ClInclude>
  </ItemGroup>
  <ItemGroup>
    <Library Include="..\build\Debug\SharedMemory.lib">
      <Filter>Shared Memory Lib</Filter>
    </Library>
  </ItemGroup>
</Project>